
Microsoft Visual Studio Solution File, Format Version 12.00
# Visual Studio 2015
Project("{FAE04EC0-301F-11D3-BF4B-00C04F79EFBC}") = "SkiJump", "SkiJump.csproj", "{D9EFD751-0636-4BBA-9BD7-D261413E42DF}"
EndProject
Project("{FAE04EC0-301F-11D3-BF4B-00C04F79EFBC}") = "SkiJump.Editor", "SkiJump.Editor.csproj", "{9AB3908F-2911-AB90-C7B1-82511FA48F12}"
EndProject
Global
	GlobalSection(SolutionConfigurationPlatforms) = preSolution
		Debug|Any CPU = Debug|Any CPU
		Release|Any CPU = Release|Any CPU
	EndGlobalSection
	GlobalSection(ProjectConfigurationPlatforms) = postSolution
		{D9EFD751-0636-4BBA-9BD7-D261413E42DF}.Debug|Any CPU.ActiveCfg = Debug|Any CPU
		{D9EFD751-0636-4BBA-9BD7-D261413E42DF}.Debug|Any CPU.Build.0 = Debug|Any CPU
		{D9EFD751-0636-4BBA-9BD7-D261413E42DF}.Release|Any CPU.ActiveCfg = Release|Any CPU
		{D9EFD751-0636-4BBA-9BD7-D261413E42DF}.Release|Any CPU.Build.0 = Release|Any CPU
		{9AB3908F-2911-AB90-C7B1-82511FA48F12}.Debug|Any CPU.ActiveCfg = Debug|Any CPU
		{9AB3908F-2911-AB90-C7B1-82511FA48F12}.Debug|Any CPU.Build.0 = Debug|Any CPU
		{9AB3908F-2911-AB90-C7B1-82511FA48F12}.Release|Any CPU.ActiveCfg = Release|Any CPU
		{9AB3908F-2911-AB90-C7B1-82511FA48F12}.Release|Any CPU.Build.0 = Release|Any CPU
	EndGlobalSection
	GlobalSection(SolutionProperties) = preSolution
		HideSolutionNode = FALSE
	EndGlobalSection
EndGlobal
